{
	"name": "osmium-iapi",
	"version": "0.7.1",
	"lockfileVersion": 1,
	"requires": true,
	"dependencies": {
		"@types/deep-equal": {
			"version": "1.0.1",
			"resolved": "https://registry.npmjs.org/@types/deep-equal/-/deep-equal-1.0.1.tgz",
			"integrity": "sha512-mMUu4nWHLBlHtxXY17Fg6+ucS/MnndyOWyOe7MmwkoMYxvfQU2ajtRaEvqSUv+aVkMqH/C0NCI8UoVfRNQ10yg=="
		},
		"bignumber.js": {
			"version": "9.0.0",
			"resolved": "https://registry.npmjs.org/bignumber.js/-/bignumber.js-9.0.0.tgz",
			"integrity": "sha512-t/OYhhJ2SD+YGBQcjY8GzzDHEk9f3nerxjtfa6tlMXfe7frs/WozhvCNoGvpM0P3bNf3Gq5ZRMlGr5f3r4/N8A=="
		},
		"deep-equal": {
			"version": "1.0.1",
			"resolved": "https://registry.npmjs.org/deep-equal/-/deep-equal-1.0.1.tgz",
			"integrity": "sha1-9dJgKStmDghO/0zbyfCK0yR0SLU="
		},
		"osmium-coder": {
			"version": "0.5.0",
			"resolved": "https://registry.npmjs.org/osmium-coder/-/osmium-coder-0.5.0.tgz",
			"integrity": "sha512-vtClCMXEqp9BBigpbdYs8S2fhnPnUe5mjgz9CLOHWMyJt/HiVBjDsFQW2L+s3ji4fWRYueSSLIdv+gPOq5FrFA==",
			"requires": {
				"bignumber.js": "^9.0.0",
				"osmium-tools": "^0.2.5"
			}
		},
		"osmium-crypt": {
			"version": "0.6.1",
			"resolved": "https://registry.npmjs.org/osmium-crypt/-/osmium-crypt-0.6.1.tgz",
			"integrity": "sha512-BD92dZ/R6tSy3tvu9C8MZp8GsNXArzoKrLuMuaYOrqHx0dAarsAiGhV2j/feGE1x+J6LkXNCYBT6nXRavMI9nw==",
			"requires": {
				"osmium-serializer": "^0.3.0",
				"osmium-tools": "^0.2.5"
			}
		},
		"osmium-events": {
			"version": "0.3.11",
			"resolved": "https://registry.npmjs.org/osmium-events/-/osmium-events-0.3.11.tgz",
			"integrity": "sha512-TyPkQ5QjT8mCNy24vEDycbsxkFsjDsEiITjVBAe1YHdnzgtHVmKE2qo1QA6/n67zojANjejNINyNDOdF6n/TKA==",
			"requires": {
				"osmium-tools": "^0.2.3"
			}
		},
		"osmium-serializer": {
			"version": "0.3.0",
			"resolved": "https://registry.npmjs.org/osmium-serializer/-/osmium-serializer-0.3.0.tgz",
			"integrity": "sha512-O/KeyqJVEP+dDMuyS46vcLMXK8FaTbxkg4//NfSQDj2uy4LAiDznQitzAA9ocdz2qBtczUgs4elD6LCYMOUnIg==",
			"requires": {
				"bignumber.js": "^9.0.0",
				"osmium-coder": "^0.5.0",
				"osmium-tools": "^0.2.5"
			}
		},
		"osmium-tools": {
			"version": "0.2.5",
			"resolved": "https://registry.npmjs.org/osmium-tools/-/osmium-tools-0.2.5.tgz",
			"integrity": "sha512-mQ+uSbrj+DE8dhLFUqsQKXGQnR/HoHM9BeBVpdltBXacvRpOyYl4EjdTHYTgKLZXqzhqqwkgbPZWEhoV0PYjOQ==",
			"requires": {
				"@types/deep-equal": "^1.0.1",
				"deep-equal": "^1.0.1"
			}
		},
		"osmium-webapi": {
			"version": "0.5.0",
			"resolved": "https://registry.npmjs.org/osmium-webapi/-/osmium-webapi-0.5.0.tgz",
			"integrity": "sha512-BHWg1Qzu+pPKE5P7bJ9tsecD9VDn5BV6RFWxDeQan4+QlPNyBlYnW64aDCnDxwxL1bUXisWNcqThecUzrfnOGA==",
			"requires": {
				"osmium-events": "^0.3.11",
				"osmium-serializer": "^0.3.0",
				"osmium-tools": "^0.2.5"
			}
		}
	}
}
