{
	"name": "osmium-iapi",
	"version": "0.3.3",
	"lockfileVersion": 1,
	"requires": true,
	"dependencies": {
		"@types/deep-equal": {
			"version": "1.0.1",
			"resolved": "https://registry.npmjs.org/@types/deep-equal/-/deep-equal-1.0.1.tgz",
			"integrity": "sha512-mMUu4nWHLBlHtxXY17Fg6+ucS/MnndyOWyOe7MmwkoMYxvfQU2ajtRaEvqSUv+aVkMqH/C0NCI8UoVfRNQ10yg=="
		},
		"bignumber.js": {
			"version": "9.0.0",
			"resolved": "https://registry.npmjs.org/bignumber.js/-/bignumber.js-9.0.0.tgz",
			"integrity": "sha512-t/OYhhJ2SD+YGBQcjY8GzzDHEk9f3nerxjtfa6tlMXfe7frs/WozhvCNoGvpM0P3bNf3Gq5ZRMlGr5f3r4/N8A=="
		},
		"deep-equal": {
			"version": "1.0.1",
			"resolved": "https://registry.npmjs.org/deep-equal/-/deep-equal-1.0.1.tgz",
			"integrity": "sha1-9dJgKStmDghO/0zbyfCK0yR0SLU="
		},
		"osmium-coder": {
			"version": "0.3.1",
			"resolved": "https://registry.npmjs.org/osmium-coder/-/osmium-coder-0.3.1.tgz",
			"integrity": "sha512-2xFm/9ojdwJmOc+FwcUyrTCWmkQyR2zl03vQvkNvHT0hj6qXaM5YrbM1BSHj6z7TPCRqwKLhvIpNZASNz+arNA==",
			"requires": {
				"bignumber.js": "^9.0.0",
				"osmium-tools": "^0.2.5"
			}
		},
		"osmium-crypt": {
			"version": "0.5.5",
			"resolved": "https://registry.npmjs.org/osmium-crypt/-/osmium-crypt-0.5.5.tgz",
			"integrity": "sha512-c8BkHnHDFU3Rz4GaWyafhi80f3f9fNOh6XDmNpHf63PEXcRkWbMiNVhnFYePhLKzmgHF9dCEbsAhbNB+rMd7kg==",
			"requires": {
				"osmium-serializer": "^0.1.6",
				"osmium-tools": "^0.2.5"
			}
		},
		"osmium-events": {
			"version": "0.3.11",
			"resolved": "https://registry.npmjs.org/osmium-events/-/osmium-events-0.3.11.tgz",
			"integrity": "sha512-TyPkQ5QjT8mCNy24vEDycbsxkFsjDsEiITjVBAe1YHdnzgtHVmKE2qo1QA6/n67zojANjejNINyNDOdF6n/TKA==",
			"requires": {
				"osmium-tools": "^0.2.3"
			}
		},
		"osmium-serializer": {
			"version": "0.1.6",
			"resolved": "https://registry.npmjs.org/osmium-serializer/-/osmium-serializer-0.1.6.tgz",
			"integrity": "sha512-G34VJfhCUQQhc/En/IYqAQ4mQsluD25UUIPEPiwNKxVqH9HSXU0l0+vrMRSJdTauDpx1IZLP2waF1uk4q1nsdQ==",
			"requires": {
				"bignumber.js": "^9.0.0",
				"osmium-coder": "^0.3.1",
				"osmium-tools": "^0.2.5"
			}
		},
		"osmium-tools": {
			"version": "0.2.5",
			"resolved": "https://registry.npmjs.org/osmium-tools/-/osmium-tools-0.2.5.tgz",
			"integrity": "sha512-mQ+uSbrj+DE8dhLFUqsQKXGQnR/HoHM9BeBVpdltBXacvRpOyYl4EjdTHYTgKLZXqzhqqwkgbPZWEhoV0PYjOQ==",
			"requires": {
				"@types/deep-equal": "^1.0.1",
				"deep-equal": "^1.0.1"
			}
		},
		"osmium-webapi": {
			"version": "0.3.4",
			"resolved": "https://registry.npmjs.org/osmium-webapi/-/osmium-webapi-0.3.4.tgz",
			"integrity": "sha512-FbFjaSNVGbg1T7LmD/8/kY7ZAA3euo4YURq2QVpIMyZ1bTKYf5anX+K9LGcxTfY+otd5l5GIOTD2HjekolN4uw==",
			"requires": {
				"osmium-events": "^0.3.11",
				"osmium-serializer": "^0.1.6",
				"osmium-tools": "^0.2.5"
			}
		}
	}
}
