{
	"name": "osmium-iapi",
	"version": "0.3.0",
	"lockfileVersion": 1,
	"requires": true,
	"dependencies": {
		"@types/deep-equal": {
			"version": "1.0.1",
			"resolved": "https://registry.npmjs.org/@types/deep-equal/-/deep-equal-1.0.1.tgz",
			"integrity": "sha512-mMUu4nWHLBlHtxXY17Fg6+ucS/MnndyOWyOe7MmwkoMYxvfQU2ajtRaEvqSUv+aVkMqH/C0NCI8UoVfRNQ10yg=="
		},
		"bignumber.js": {
			"version": "9.0.0",
			"resolved": "https://registry.npmjs.org/bignumber.js/-/bignumber.js-9.0.0.tgz",
			"integrity": "sha512-t/OYhhJ2SD+YGBQcjY8GzzDHEk9f3nerxjtfa6tlMXfe7frs/WozhvCNoGvpM0P3bNf3Gq5ZRMlGr5f3r4/N8A=="
		},
		"deep-equal": {
			"version": "1.0.1",
			"resolved": "https://registry.npmjs.org/deep-equal/-/deep-equal-1.0.1.tgz",
			"integrity": "sha1-9dJgKStmDghO/0zbyfCK0yR0SLU="
		},
		"osmium-coder": {
			"version": "0.2.3",
			"resolved": "https://registry.npmjs.org/osmium-coder/-/osmium-coder-0.2.3.tgz",
			"integrity": "sha512-t8H+d+03f1C07UZhxYPu9l/7VvqkGcDMqYCn3/khrX6MlZLJTo8G147rpBGCdjEAjPQpWNoUxkdXrol1jZxf+w==",
			"requires": {
				"bignumber.js": "^9.0.0",
				"osmium-tools": "^0.2.5"
			}
		},
		"osmium-crypt": {
			"version": "0.5.2",
			"resolved": "https://registry.npmjs.org/osmium-crypt/-/osmium-crypt-0.5.2.tgz",
			"integrity": "sha512-iYNbDqk6w4YG3ukMz127IdPr+RCX5tTb3HyOV+/WINQqy5LvnD4n2kVmUemRS86iYsjwydMap5SbIlN8gjGF1g==",
			"requires": {
				"osmium-serializer": "^0.1.2",
				"osmium-tools": "^0.2.5"
			}
		},
		"osmium-events": {
			"version": "0.3.11",
			"resolved": "https://registry.npmjs.org/osmium-events/-/osmium-events-0.3.11.tgz",
			"integrity": "sha512-TyPkQ5QjT8mCNy24vEDycbsxkFsjDsEiITjVBAe1YHdnzgtHVmKE2qo1QA6/n67zojANjejNINyNDOdF6n/TKA==",
			"requires": {
				"osmium-tools": "^0.2.3"
			}
		},
		"osmium-serializer": {
			"version": "0.1.2",
			"resolved": "https://registry.npmjs.org/osmium-serializer/-/osmium-serializer-0.1.2.tgz",
			"integrity": "sha512-b/Q6eBj7Ed3nT/+WVrJ47diSQxpmryadIXK5vvL6QrnQYaKDJaPF/ZQccGXiSSyoLea1gfgSd4o/sFNdUOSe5w==",
			"requires": {
				"bignumber.js": "^9.0.0",
				"osmium-coder": "^0.2.3",
				"osmium-tools": "^0.2.5",
				"pako": "^1.0.10"
			}
		},
		"osmium-tools": {
			"version": "0.2.5",
			"resolved": "https://registry.npmjs.org/osmium-tools/-/osmium-tools-0.2.5.tgz",
			"integrity": "sha512-mQ+uSbrj+DE8dhLFUqsQKXGQnR/HoHM9BeBVpdltBXacvRpOyYl4EjdTHYTgKLZXqzhqqwkgbPZWEhoV0PYjOQ==",
			"requires": {
				"@types/deep-equal": "^1.0.1",
				"deep-equal": "^1.0.1"
			}
		},
		"osmium-webapi": {
			"version": "0.3.0",
			"resolved": "https://registry.npmjs.org/osmium-webapi/-/osmium-webapi-0.3.0.tgz",
			"integrity": "sha512-ZZ3COWWYUW+DpN5L2UcdAYOX0nGAM4KlSd9O0UqldBTHB0BqveDtsdMjIxkH+GCZFc3flJZaf6YxoEq99pNIjg==",
			"requires": {
				"osmium-events": "^0.3.11",
				"osmium-serializer": "^0.1.2",
				"osmium-tools": "^0.2.5"
			}
		},
		"pako": {
			"version": "1.0.10",
			"resolved": "https://registry.npmjs.org/pako/-/pako-1.0.10.tgz",
			"integrity": "sha512-0DTvPVU3ed8+HNXOu5Bs+o//Mbdj9VNQMUOe9oKCwh8l0GNwpTDMKCWbRjgtD291AWnkAgkqA/LOnQS8AmS1tw=="
		}
	}
}
